{
  "name": "terraformer",
  "lockfileVersion": 2,
  "requires": true,
  "packages": {
    "": {
      "dependencies": {
        "terraformer": "^1.0.12",
        "terraformer-arcgis-parser": "^1.1.0",
        "terraformer-wkt-parser": "^1.2.1"
      }
    },
    "node_modules/@types/geojson": {
      "version": "7946.0.8",
      "resolved": "https://registry.npmjs.org/@types/geojson/-/geojson-7946.0.8.tgz",
      "integrity": "sha512-1rkryxURpr6aWP7R786/UQOkJ3PcpQiWkAXBmdWc7ryFWqN6a4xfK7BtjXvFBKO9LjQ+MWQSWxYeZX1OApnArA==",
      "optional": true
    },
    "node_modules/terraformer": {
      "version": "1.0.12",
      "resolved": "https://registry.npmjs.org/terraformer/-/terraformer-1.0.12.tgz",
      "integrity": "sha512-MokUp0+MFal4CmJDVL6VAO1bKegeXcBM2RnPVfqcFIp2IIv8EbPAjG0j/vEy/vuKB8NVMMSF2vfpVS/QLe4DBg==",
      "deprecated": "terraformer is deprecated and no longer supported. Please use @terraformer/arcgis.",
      "engines": {
        "node": ">=4.2.6"
      },
      "optionalDependencies": {
        "@types/geojson": "^7946.0.0 || ^1.0.0"
      }
    },
    "node_modules/terraformer-arcgis-parser": {
      "version": "1.1.0",
      "resolved": "https://registry.npmjs.org/terraformer-arcgis-parser/-/terraformer-arcgis-parser-1.1.0.tgz",
      "integrity": "sha512-bvxEtpiS22Lz1ciaXP/MMLTlJkrHWLBV/y7VBeTLHtZnz/Ngq4wF3RqrpjzP6ojJjxvcdDlvs+UFs3wicoT1Vg==",
      "deprecated": "terraformer-arcgis-parser is deprecated and no longer supported. Please use @terraformer/arcgis.",
      "dependencies": {
        "@types/geojson": "^1.0.0",
        "terraformer": "~1.0.4"
      }
    },
    "node_modules/terraformer-arcgis-parser/node_modules/@types/geojson": {
      "version": "1.0.6",
      "resolved": "https://registry.npmjs.org/@types/geojson/-/geojson-1.0.6.tgz",
      "integrity": "sha512-Xqg/lIZMrUd0VRmSRbCAewtwGZiAk3mEUDvV4op1tGl+LvyPcb/MIOSxTl9z+9+J+R4/vpjiCAT4xeKzH9ji1w=="
    },
    "node_modules/terraformer-wkt-parser": {
      "version": "1.2.1",
      "resolved": "https://registry.npmjs.org/terraformer-wkt-parser/-/terraformer-wkt-parser-1.2.1.tgz",
      "integrity": "sha512-+CJyNLWb3lJ9RsZMTM66BY0MT3yIo4l4l22Jd9CrZuwzk54fsu4Sc7zejuS9fCITTuTQy3p06d4MZMVI7v5wSg==",
      "deprecated": "terraformer-wkt-parser is deprecated and no longer supported. Please use @terraformer/wkt.",
      "dependencies": {
        "@types/geojson": "^1.0.0",
        "terraformer": "~1.0.5"
      },
      "engines": {
        "node": ">=4.2.6"
      }
    },
    "node_modules/terraformer-wkt-parser/node_modules/@types/geojson": {
      "version": "1.0.6",
      "resolved": "https://registry.npmjs.org/@types/geojson/-/geojson-1.0.6.tgz",
      "integrity": "sha512-Xqg/lIZMrUd0VRmSRbCAewtwGZiAk3mEUDvV4op1tGl+LvyPcb/MIOSxTl9z+9+J+R4/vpjiCAT4xeKzH9ji1w=="
    }
  },
  "dependencies": {
    "@types/geojson": {
      "version": "7946.0.8",
      "resolved": "https://registry.npmjs.org/@types/geojson/-/geojson-7946.0.8.tgz",
      "integrity": "sha512-1rkryxURpr6aWP7R786/UQOkJ3PcpQiWkAXBmdWc7ryFWqN6a4xfK7BtjXvFBKO9LjQ+MWQSWxYeZX1OApnArA==",
      "optional": true
    },
    "terraformer": {
      "version": "1.0.12",
      "resolved": "https://registry.npmjs.org/terraformer/-/terraformer-1.0.12.tgz",
      "integrity": "sha512-MokUp0+MFal4CmJDVL6VAO1bKegeXcBM2RnPVfqcFIp2IIv8EbPAjG0j/vEy/vuKB8NVMMSF2vfpVS/QLe4DBg==",
      "requires": {
        "@types/geojson": "^7946.0.0 || ^1.0.0"
      }
    },
    "terraformer-arcgis-parser": {
      "version": "1.1.0",
      "resolved": "https://registry.npmjs.org/terraformer-arcgis-parser/-/terraformer-arcgis-parser-1.1.0.tgz",
      "integrity": "sha512-bvxEtpiS22Lz1ciaXP/MMLTlJkrHWLBV/y7VBeTLHtZnz/Ngq4wF3RqrpjzP6ojJjxvcdDlvs+UFs3wicoT1Vg==",
      "requires": {
        "@types/geojson": "^1.0.0",
        "terraformer": "~1.0.4"
      },
      "dependencies": {
        "@types/geojson": {
          "version": "1.0.6",
          "resolved": "https://registry.npmjs.org/@types/geojson/-/geojson-1.0.6.tgz",
          "integrity": "sha512-Xqg/lIZMrUd0VRmSRbCAewtwGZiAk3mEUDvV4op1tGl+LvyPcb/MIOSxTl9z+9+J+R4/vpjiCAT4xeKzH9ji1w=="
        }
      }
    },
    "terraformer-wkt-parser": {
      "version": "1.2.1",
      "resolved": "https://registry.npmjs.org/terraformer-wkt-parser/-/terraformer-wkt-parser-1.2.1.tgz",
      "integrity": "sha512-+CJyNLWb3lJ9RsZMTM66BY0MT3yIo4l4l22Jd9CrZuwzk54fsu4Sc7zejuS9fCITTuTQy3p06d4MZMVI7v5wSg==",
      "requires": {
        "@types/geojson": "^1.0.0",
        "terraformer": "~1.0.5"
      },
      "dependencies": {
        "@types/geojson": {
          "version": "1.0.6",
          "resolved": "https://registry.npmjs.org/@types/geojson/-/geojson-1.0.6.tgz",
          "integrity": "sha512-Xqg/lIZMrUd0VRmSRbCAewtwGZiAk3mEUDvV4op1tGl+LvyPcb/MIOSxTl9z+9+J+R4/vpjiCAT4xeKzH9ji1w=="
        }
      }
    }
  }
}
